<dec f='glibc_src_2.30/sysdeps/posix/dirstream.h' l='34' type='__libc_lock_t'/>
<offset>32</offset>
<use f='glibc_src_2.30/sysdeps/posix/opendir.c' l='139' u='w' c='__alloc_dir'/>
<use f='glibc_src_2.30/sysdeps/posix/rewinddir.c' l='29' u='a' c='__rewinddir'/>
<use f='glibc_src_2.30/sysdeps/posix/rewinddir.c' l='29' u='a' c='__rewinddir'/>
<use f='glibc_src_2.30/sysdeps/posix/rewinddir.c' l='37' u='w' c='__rewinddir'/>
<use f='glibc_src_2.30/sysdeps/posix/rewinddir.c' l='37' u='a' c='__rewinddir'/>
<use f='glibc_src_2.30/sysdeps/posix/seekdir.c' l='29' u='a' c='seekdir'/>
<use f='glibc_src_2.30/sysdeps/posix/seekdir.c' l='29' u='a' c='seekdir'/>
<use f='glibc_src_2.30/sysdeps/posix/seekdir.c' l='34' u='w' c='seekdir'/>
<use f='glibc_src_2.30/sysdeps/posix/seekdir.c' l='34' u='a' c='seekdir'/>
<use f='glibc_src_2.30/sysdeps/posix/readdir.c' l='44' u='a' c='__readdir64'/>
<use f='glibc_src_2.30/sysdeps/posix/readdir.c' l='44' u='a' c='__readdir64'/>
<use f='glibc_src_2.30/sysdeps/posix/readdir.c' l='114' u='w' c='__readdir64'/>
<use f='glibc_src_2.30/sysdeps/posix/readdir.c' l='114' u='a' c='__readdir64'/>
<use f='glibc_src_2.30/sysdeps/posix/readdir_r.c' l='45' u='a' c='__readdir64_r'/>
<use f='glibc_src_2.30/sysdeps/posix/readdir_r.c' l='45' u='a' c='__readdir64_r'/>
<use f='glibc_src_2.30/sysdeps/posix/readdir_r.c' l='147' u='w' c='__readdir64_r'/>
<use f='glibc_src_2.30/sysdeps/posix/readdir_r.c' l='147' u='a' c='__readdir64_r'/>
