<dec f='glibc_src_2.30/nscd/nscd.h' l='129' type='pthread_rwlock_t'/>
<offset>0</offset>
<use f='glibc_src_2.30/nscd/aicache.c' l='528' u='a' c='addhstaiX'/>
<use f='glibc_src_2.30/nscd/cache.c' l='449' u='a' c='prune_cache'/>
<use f='glibc_src_2.30/nscd/cache.c' l='452' u='a' c='prune_cache'/>
<use f='glibc_src_2.30/nscd/cache.c' l='496' u='a' c='prune_cache'/>
<use f='glibc_src_2.30/nscd/connections.c' l='116' u='w'/>
<use f='glibc_src_2.30/nscd/connections.c' l='135' u='w'/>
<use f='glibc_src_2.30/nscd/connections.c' l='154' u='w'/>
<use f='glibc_src_2.30/nscd/connections.c' l='173' u='w'/>
<use f='glibc_src_2.30/nscd/connections.c' l='192' u='w'/>
<use f='glibc_src_2.30/nscd/connections.c' l='116' u='w'/>
<use f='glibc_src_2.30/nscd/connections.c' l='135' u='w'/>
<use f='glibc_src_2.30/nscd/connections.c' l='154' u='w'/>
<use f='glibc_src_2.30/nscd/connections.c' l='173' u='w'/>
<use f='glibc_src_2.30/nscd/connections.c' l='192' u='w'/>
<use f='glibc_src_2.30/nscd/connections.c' l='497' u='a' c='nscd_init'/>
<use f='glibc_src_2.30/nscd/connections.c' l='1130' u='a' c='handle_request'/>
<use f='glibc_src_2.30/nscd/connections.c' l='1133' u='a' c='handle_request'/>
<use f='glibc_src_2.30/nscd/connections.c' l='1152' u='a' c='handle_request'/>
<use f='glibc_src_2.30/nscd/connections.c' l='1157' u='a' c='handle_request'/>
<use f='glibc_src_2.30/nscd/grpcache.c' l='152' u='a' c='cache_addgr'/>
<use f='glibc_src_2.30/nscd/grpcache.c' l='376' u='a' c='cache_addgr'/>
<use f='glibc_src_2.30/nscd/hstcache.c' l='178' u='a' c='cache_addhst'/>
<use f='glibc_src_2.30/nscd/hstcache.c' l='395' u='a' c='cache_addhst'/>
<use f='glibc_src_2.30/nscd/initgrcache.c' l='243' u='a' c='addinitgroupsX'/>
<use f='glibc_src_2.30/nscd/initgrcache.c' l='376' u='a' c='addinitgroupsX'/>
<use f='glibc_src_2.30/nscd/mem.c' l='111' u='a' c='gc'/>
<use f='glibc_src_2.30/nscd/mem.c' l='499' u='a' c='gc'/>
<use f='glibc_src_2.30/nscd/mem.c' l='519' u='a' c='mempool_alloc'/>
<use f='glibc_src_2.30/nscd/mem.c' l='564' u='a' c='mempool_alloc'/>
<use f='glibc_src_2.30/nscd/netgroupcache.c' l='437' u='a' c='addgetnetgrentX'/>
<use f='glibc_src_2.30/nscd/netgroupcache.c' l='567' u='a' c='addinnetgrX'/>
<use f='glibc_src_2.30/nscd/netgroupcache.c' l='597' u='a' c='addinnetgrX'/>
<use f='glibc_src_2.30/nscd/pwdcache.c' l='159' u='a' c='cache_addpw'/>
<use f='glibc_src_2.30/nscd/pwdcache.c' l='354' u='a' c='cache_addpw'/>
<use f='glibc_src_2.30/nscd/servicescache.c' l='147' u='a' c='cache_addserv'/>
<use f='glibc_src_2.30/nscd/servicescache.c' l='303' u='a' c='cache_addserv'/>
