<dec f='glibc_src_2.28/sysdeps/posix/dirstream.h' l='34' type='__libc_lock_t'/>
<offset>32</offset>
<use f='glibc_src_2.28/sysdeps/posix/opendir.c' l='139' u='w' c='__alloc_dir'/>
<use f='glibc_src_2.28/sysdeps/posix/seekdir.c' l='29' c='seekdir'/>
<use f='glibc_src_2.28/sysdeps/posix/seekdir.c' l='29' c='seekdir'/>
<use f='glibc_src_2.28/sysdeps/posix/seekdir.c' l='29' c='seekdir'/>
<use f='glibc_src_2.28/sysdeps/posix/seekdir.c' l='29' c='seekdir'/>
<use f='glibc_src_2.28/sysdeps/posix/seekdir.c' l='34' c='seekdir'/>
<use f='glibc_src_2.28/sysdeps/posix/seekdir.c' l='34' c='seekdir'/>
<use f='glibc_src_2.28/sysdeps/posix/seekdir.c' l='34' c='seekdir'/>
<use f='glibc_src_2.28/sysdeps/posix/seekdir.c' l='34' c='seekdir'/>
<use f='glibc_src_2.28/sysdeps/posix/readdir_r.c' l='45' c='__readdir64_r'/>
<use f='glibc_src_2.28/sysdeps/posix/readdir_r.c' l='45' c='__readdir64_r'/>
<use f='glibc_src_2.28/sysdeps/posix/readdir_r.c' l='45' c='__readdir64_r'/>
<use f='glibc_src_2.28/sysdeps/posix/readdir_r.c' l='45' c='__readdir64_r'/>
<use f='glibc_src_2.28/sysdeps/posix/readdir_r.c' l='147' c='__readdir64_r'/>
<use f='glibc_src_2.28/sysdeps/posix/readdir_r.c' l='147' c='__readdir64_r'/>
<use f='glibc_src_2.28/sysdeps/posix/readdir_r.c' l='147' c='__readdir64_r'/>
<use f='glibc_src_2.28/sysdeps/posix/readdir_r.c' l='147' c='__readdir64_r'/>
