<dec f='glibc_src_2.28/nscd/nscd-client.h' l='363' type='int'/>
<use f='glibc_src_2.28/nscd/nscd-client.h' l='374' u='a' c='__nscd_acquire_maplock'/>
<offset>0</offset>
<use f='glibc_src_2.28/nscd/nscd_gethst_r.c' l='129' u='w' c='__nscd_get_nl_timestamp'/>
<use f='glibc_src_2.28/nscd/nscd_helper.c' l='432' u='w' c='__nscd_get_map_ref'/>
