<dec f='glibc_src_2.28/nptl/descr.h' l='340' type='int'/>
<offset>12480</offset>
<doc f='glibc_src_2.28/nptl/descr.h' l='339'>/* Lock to synchronize access to the descriptor.  */</doc>
<use f='glibc_src_2.28/nptl/nptl-init.c' l='277' u='r' c='__pthread_initialize_minimal_internal'/>
<use f='glibc_src_2.28/nptl/nptl-init.c' l='277' u='r' c='__pthread_initialize_minimal_internal'/>
<use f='glibc_src_2.28/nptl/nptl-init.c' l='277' u='r' c='__pthread_initialize_minimal_internal'/>
<use f='glibc_src_2.28/nptl/allocatestack.c' l='747' u='w' c='allocate_stack'/>
<use f='glibc_src_2.28/sysdeps/unix/sysv/linux/createthread.c' l='63' c='create_thread'/>
<use f='glibc_src_2.28/sysdeps/unix/sysv/linux/createthread.c' l='63' c='create_thread'/>
<use f='glibc_src_2.28/sysdeps/unix/sysv/linux/createthread.c' l='63' c='create_thread'/>
<use f='glibc_src_2.28/sysdeps/unix/sysv/linux/createthread.c' l='63' c='create_thread'/>
<use f='glibc_src_2.28/nptl/pthread_create.c' l='462' c='start_thread'/>
<use f='glibc_src_2.28/nptl/pthread_create.c' l='462' c='start_thread'/>
<use f='glibc_src_2.28/nptl/pthread_create.c' l='462' c='start_thread'/>
<use f='glibc_src_2.28/nptl/pthread_create.c' l='462' c='start_thread'/>
<use f='glibc_src_2.28/nptl/pthread_create.c' l='467' c='start_thread'/>
<use f='glibc_src_2.28/nptl/pthread_create.c' l='467' c='start_thread'/>
<use f='glibc_src_2.28/nptl/pthread_create.c' l='467' c='start_thread'/>
<use f='glibc_src_2.28/nptl/pthread_create.c' l='467' c='start_thread'/>
<use f='glibc_src_2.28/nptl/pthread_create.c' l='871' c='__pthread_create_2_1'/>
<use f='glibc_src_2.28/nptl/pthread_create.c' l='871' c='__pthread_create_2_1'/>
<use f='glibc_src_2.28/nptl/pthread_create.c' l='871' c='__pthread_create_2_1'/>
<use f='glibc_src_2.28/nptl/pthread_create.c' l='871' c='__pthread_create_2_1'/>
<use f='glibc_src_2.28/nptl/pthread_getattr_np.c' l='39' c='pthread_getattr_np'/>
<use f='glibc_src_2.28/nptl/pthread_getattr_np.c' l='39' c='pthread_getattr_np'/>
<use f='glibc_src_2.28/nptl/pthread_getattr_np.c' l='39' c='pthread_getattr_np'/>
<use f='glibc_src_2.28/nptl/pthread_getattr_np.c' l='39' c='pthread_getattr_np'/>
<use f='glibc_src_2.28/nptl/pthread_getattr_np.c' l='207' c='pthread_getattr_np'/>
<use f='glibc_src_2.28/nptl/pthread_getattr_np.c' l='207' c='pthread_getattr_np'/>
<use f='glibc_src_2.28/nptl/pthread_getattr_np.c' l='207' c='pthread_getattr_np'/>
<use f='glibc_src_2.28/nptl/pthread_getattr_np.c' l='207' c='pthread_getattr_np'/>
<use f='glibc_src_2.28/nptl/pthread_getschedparam.c' l='39' c='__pthread_getschedparam'/>
<use f='glibc_src_2.28/nptl/pthread_getschedparam.c' l='39' c='__pthread_getschedparam'/>
<use f='glibc_src_2.28/nptl/pthread_getschedparam.c' l='39' c='__pthread_getschedparam'/>
<use f='glibc_src_2.28/nptl/pthread_getschedparam.c' l='39' c='__pthread_getschedparam'/>
<use f='glibc_src_2.28/nptl/pthread_getschedparam.c' l='69' c='__pthread_getschedparam'/>
<use f='glibc_src_2.28/nptl/pthread_getschedparam.c' l='69' c='__pthread_getschedparam'/>
<use f='glibc_src_2.28/nptl/pthread_getschedparam.c' l='69' c='__pthread_getschedparam'/>
<use f='glibc_src_2.28/nptl/pthread_getschedparam.c' l='69' c='__pthread_getschedparam'/>
<use f='glibc_src_2.28/nptl/pthread_setschedparam.c' l='40' c='__pthread_setschedparam'/>
<use f='glibc_src_2.28/nptl/pthread_setschedparam.c' l='40' c='__pthread_setschedparam'/>
<use f='glibc_src_2.28/nptl/pthread_setschedparam.c' l='40' c='__pthread_setschedparam'/>
<use f='glibc_src_2.28/nptl/pthread_setschedparam.c' l='40' c='__pthread_setschedparam'/>
<use f='glibc_src_2.28/nptl/pthread_setschedparam.c' l='68' c='__pthread_setschedparam'/>
<use f='glibc_src_2.28/nptl/pthread_setschedparam.c' l='68' c='__pthread_setschedparam'/>
<use f='glibc_src_2.28/nptl/pthread_setschedparam.c' l='68' c='__pthread_setschedparam'/>
<use f='glibc_src_2.28/nptl/pthread_setschedparam.c' l='68' c='__pthread_setschedparam'/>
<use f='glibc_src_2.28/nptl/pthread_setschedprio.c' l='42' c='pthread_setschedprio'/>
<use f='glibc_src_2.28/nptl/pthread_setschedprio.c' l='42' c='pthread_setschedprio'/>
<use f='glibc_src_2.28/nptl/pthread_setschedprio.c' l='42' c='pthread_setschedprio'/>
<use f='glibc_src_2.28/nptl/pthread_setschedprio.c' l='42' c='pthread_setschedprio'/>
<use f='glibc_src_2.28/nptl/pthread_setschedprio.c' l='61' c='pthread_setschedprio'/>
<use f='glibc_src_2.28/nptl/pthread_setschedprio.c' l='61' c='pthread_setschedprio'/>
<use f='glibc_src_2.28/nptl/pthread_setschedprio.c' l='61' c='pthread_setschedprio'/>
<use f='glibc_src_2.28/nptl/pthread_setschedprio.c' l='61' c='pthread_setschedprio'/>
<use f='glibc_src_2.28/nptl/tpp.c' l='118' c='__pthread_tpp_change_priority'/>
<use f='glibc_src_2.28/nptl/tpp.c' l='118' c='__pthread_tpp_change_priority'/>
<use f='glibc_src_2.28/nptl/tpp.c' l='118' c='__pthread_tpp_change_priority'/>
<use f='glibc_src_2.28/nptl/tpp.c' l='118' c='__pthread_tpp_change_priority'/>
<use f='glibc_src_2.28/nptl/tpp.c' l='154' c='__pthread_tpp_change_priority'/>
<use f='glibc_src_2.28/nptl/tpp.c' l='154' c='__pthread_tpp_change_priority'/>
<use f='glibc_src_2.28/nptl/tpp.c' l='154' c='__pthread_tpp_change_priority'/>
<use f='glibc_src_2.28/nptl/tpp.c' l='154' c='__pthread_tpp_change_priority'/>
<use f='glibc_src_2.28/nptl/tpp.c' l='170' c='__pthread_current_priority'/>
<use f='glibc_src_2.28/nptl/tpp.c' l='170' c='__pthread_current_priority'/>
<use f='glibc_src_2.28/nptl/tpp.c' l='170' c='__pthread_current_priority'/>
<use f='glibc_src_2.28/nptl/tpp.c' l='170' c='__pthread_current_priority'/>
<use f='glibc_src_2.28/nptl/tpp.c' l='192' c='__pthread_current_priority'/>
<use f='glibc_src_2.28/nptl/tpp.c' l='192' c='__pthread_current_priority'/>
<use f='glibc_src_2.28/nptl/tpp.c' l='192' c='__pthread_current_priority'/>
<use f='glibc_src_2.28/nptl/tpp.c' l='192' c='__pthread_current_priority'/>
