<dec f='glibc_src_2.28/posix/regex_internal.h' l='732' type='__libc_lock_t'/>
<use f='glibc_src_2.28/posix/regcomp.c' l='772' u='w' c='re_compile_internal'/>
<use f='glibc_src_2.28/posix/regexec.c' l='213' c='__regexec'/>
<use f='glibc_src_2.28/posix/regexec.c' l='213' c='__regexec'/>
<use f='glibc_src_2.28/posix/regexec.c' l='213' c='__regexec'/>
<use f='glibc_src_2.28/posix/regexec.c' l='213' c='__regexec'/>
<use f='glibc_src_2.28/posix/regexec.c' l='220' c='__regexec'/>
<use f='glibc_src_2.28/posix/regexec.c' l='220' c='__regexec'/>
<use f='glibc_src_2.28/posix/regexec.c' l='220' c='__regexec'/>
<use f='glibc_src_2.28/posix/regexec.c' l='220' c='__regexec'/>
<use f='glibc_src_2.28/posix/regexec.c' l='389' c='re_search_stub'/>
<use f='glibc_src_2.28/posix/regexec.c' l='389' c='re_search_stub'/>
<use f='glibc_src_2.28/posix/regexec.c' l='389' c='re_search_stub'/>
<use f='glibc_src_2.28/posix/regexec.c' l='389' c='re_search_stub'/>
<use f='glibc_src_2.28/posix/regexec.c' l='453' c='re_search_stub'/>
<use f='glibc_src_2.28/posix/regexec.c' l='453' c='re_search_stub'/>
<use f='glibc_src_2.28/posix/regexec.c' l='453' c='re_search_stub'/>
<use f='glibc_src_2.28/posix/regexec.c' l='453' c='re_search_stub'/>
<offset>1728</offset>
