<dec f='glibc_src_2.28/sysdeps/generic/ldsodefs.h' l='318' type='__rtld_lock_recursive_t'/>
<offset>0</offset>
<use f='glibc_src_2.28/elf/dl-close.c' l='656' u='m' c='_dl_close_worker'/>
<use f='glibc_src_2.28/elf/dl-close.c' l='674' u='m' c='_dl_close_worker'/>
<use f='glibc_src_2.28/elf/dl-lookup.c' l='206' u='m' c='do_lookup_unique'/>
<use f='glibc_src_2.28/elf/dl-lookup.c' l='232' u='m' c='do_lookup_unique'/>
<use f='glibc_src_2.28/elf/dl-lookup.c' l='257' u='m' c='do_lookup_unique'/>
<use f='glibc_src_2.28/elf/dl-lookup.c' l='323' u='m' c='do_lookup_unique'/>
<use f='glibc_src_2.28/elf/dl-open.c' l='560' u='w' c='_dl_open'/>
<use f='glibc_src_2.28/elf/rtld.c' l='247' u='w'/>
<use f='glibc_src_2.28/elf/rtld.c' l='247' u='w'/>
<use f='glibc_src_2.28/elf/rtld.c' l='247' u='w'/>
<use f='glibc_src_2.28/elf/rtld.c' l='247' u='w'/>
<use f='glibc_src_2.28/elf/rtld.c' l='247' u='w'/>
<use f='glibc_src_2.28/elf/rtld.c' l='247' u='w'/>
<use f='glibc_src_2.28/elf/rtld.c' l='247' u='w'/>
<use f='glibc_src_2.28/elf/rtld.c' l='247' u='w'/>
