<dec f='glibc_src_2.27/posix/regex_internal.h' l='643' type='__libc_lock_t'/>
<use f='glibc_src_2.27/posix/regcomp.c' l='771' u='w' c='re_compile_internal'/>
<use f='glibc_src_2.27/posix/regexec.c' l='215' c='__regexec'/>
<use f='glibc_src_2.27/posix/regexec.c' l='215' c='__regexec'/>
<use f='glibc_src_2.27/posix/regexec.c' l='215' c='__regexec'/>
<use f='glibc_src_2.27/posix/regexec.c' l='215' c='__regexec'/>
<use f='glibc_src_2.27/posix/regexec.c' l='222' c='__regexec'/>
<use f='glibc_src_2.27/posix/regexec.c' l='222' c='__regexec'/>
<use f='glibc_src_2.27/posix/regexec.c' l='222' c='__regexec'/>
<use f='glibc_src_2.27/posix/regexec.c' l='222' c='__regexec'/>
<use f='glibc_src_2.27/posix/regexec.c' l='385' c='re_search_stub'/>
<use f='glibc_src_2.27/posix/regexec.c' l='385' c='re_search_stub'/>
<use f='glibc_src_2.27/posix/regexec.c' l='385' c='re_search_stub'/>
<use f='glibc_src_2.27/posix/regexec.c' l='385' c='re_search_stub'/>
<use f='glibc_src_2.27/posix/regexec.c' l='449' c='re_search_stub'/>
<use f='glibc_src_2.27/posix/regexec.c' l='449' c='re_search_stub'/>
<use f='glibc_src_2.27/posix/regexec.c' l='449' c='re_search_stub'/>
<use f='glibc_src_2.27/posix/regexec.c' l='449' c='re_search_stub'/>
<offset>1728</offset>
