<dec f='glibc_src_2.24/support/resolv_test.c' l='544' type='pthread_mutex_t'/>
<use f='glibc_src_2.24/support/resolv_test.c' l='609' u='a' c='server_thread_udp_process_one'/>
<use f='glibc_src_2.24/support/resolv_test.c' l='611' u='a' c='server_thread_udp_process_one'/>
<use f='glibc_src_2.24/support/resolv_test.c' l='932' u='a' c='server_thread_tcp'/>
<use f='glibc_src_2.24/support/resolv_test.c' l='935' u='a' c='server_thread_tcp'/>
<use f='glibc_src_2.24/support/resolv_test.c' l='939' u='a' c='server_thread_tcp'/>
<use f='glibc_src_2.24/support/resolv_test.c' l='1064' u='w' c='resolv_test_start'/>
<use f='glibc_src_2.24/support/resolv_test.c' l='1155' u='a' c='resolv_test_end'/>
<use f='glibc_src_2.24/support/resolv_test.c' l='1157' u='a' c='resolv_test_end'/>
<offset>0</offset>
<doc f='glibc_src_2.24/support/resolv_test.c' l='542'>/* After initialization, any access to the struct must be performed
     while this lock is acquired.  */</doc>
