<dec f='glibc_src_2.29/nptl/descr.h' l='340' type='int'/>
<offset>12480</offset>
<doc f='glibc_src_2.29/nptl/descr.h' l='339'>/* Lock to synchronize access to the descriptor.  */</doc>
<use f='glibc_src_2.29/nptl/allocatestack.c' l='746' u='w' c='allocate_stack'/>
<use f='glibc_src_2.29/sysdeps/unix/sysv/linux/createthread.c' l='63' u='a' c='create_thread'/>
<use f='glibc_src_2.29/sysdeps/unix/sysv/linux/createthread.c' l='63' u='a' c='create_thread'/>
<use f='glibc_src_2.29/nptl/pthread_create.c' l='455' u='a' c='start_thread'/>
<use f='glibc_src_2.29/nptl/pthread_create.c' l='455' u='a' c='start_thread'/>
<use f='glibc_src_2.29/nptl/pthread_create.c' l='460' u='w' c='start_thread'/>
<use f='glibc_src_2.29/nptl/pthread_create.c' l='460' u='a' c='start_thread'/>
<use f='glibc_src_2.29/nptl/pthread_create.c' l='864' u='w' c='__pthread_create_2_1'/>
<use f='glibc_src_2.29/nptl/pthread_create.c' l='864' u='a' c='__pthread_create_2_1'/>
<use f='glibc_src_2.29/nptl/pthread_getattr_np.c' l='39' u='a' c='pthread_getattr_np'/>
<use f='glibc_src_2.29/nptl/pthread_getattr_np.c' l='39' u='a' c='pthread_getattr_np'/>
<use f='glibc_src_2.29/nptl/pthread_getattr_np.c' l='207' u='w' c='pthread_getattr_np'/>
<use f='glibc_src_2.29/nptl/pthread_getattr_np.c' l='207' u='a' c='pthread_getattr_np'/>
<use f='glibc_src_2.29/nptl/pthread_getschedparam.c' l='39' u='a' c='__pthread_getschedparam'/>
<use f='glibc_src_2.29/nptl/pthread_getschedparam.c' l='39' u='a' c='__pthread_getschedparam'/>
<use f='glibc_src_2.29/nptl/pthread_getschedparam.c' l='69' u='w' c='__pthread_getschedparam'/>
<use f='glibc_src_2.29/nptl/pthread_getschedparam.c' l='69' u='a' c='__pthread_getschedparam'/>
<use f='glibc_src_2.29/nptl/pthread_setschedparam.c' l='40' u='a' c='__pthread_setschedparam'/>
<use f='glibc_src_2.29/nptl/pthread_setschedparam.c' l='40' u='a' c='__pthread_setschedparam'/>
<use f='glibc_src_2.29/nptl/pthread_setschedparam.c' l='68' u='w' c='__pthread_setschedparam'/>
<use f='glibc_src_2.29/nptl/pthread_setschedparam.c' l='68' u='a' c='__pthread_setschedparam'/>
<use f='glibc_src_2.29/nptl/pthread_setschedprio.c' l='42' u='a' c='pthread_setschedprio'/>
<use f='glibc_src_2.29/nptl/pthread_setschedprio.c' l='42' u='a' c='pthread_setschedprio'/>
<use f='glibc_src_2.29/nptl/pthread_setschedprio.c' l='61' u='w' c='pthread_setschedprio'/>
<use f='glibc_src_2.29/nptl/pthread_setschedprio.c' l='61' u='a' c='pthread_setschedprio'/>
<use f='glibc_src_2.29/nptl/tpp.c' l='118' u='a' c='__pthread_tpp_change_priority'/>
<use f='glibc_src_2.29/nptl/tpp.c' l='118' u='a' c='__pthread_tpp_change_priority'/>
<use f='glibc_src_2.29/nptl/tpp.c' l='154' u='w' c='__pthread_tpp_change_priority'/>
<use f='glibc_src_2.29/nptl/tpp.c' l='154' u='a' c='__pthread_tpp_change_priority'/>
<use f='glibc_src_2.29/nptl/tpp.c' l='170' u='a' c='__pthread_current_priority'/>
<use f='glibc_src_2.29/nptl/tpp.c' l='170' u='a' c='__pthread_current_priority'/>
<use f='glibc_src_2.29/nptl/tpp.c' l='192' u='w' c='__pthread_current_priority'/>
<use f='glibc_src_2.29/nptl/tpp.c' l='192' u='a' c='__pthread_current_priority'/>
