<dec f='glibc_src_2.31/posix/regex_internal.h' l='700' type='__libc_lock_t'/>
<use f='glibc_src_2.31/posix/regcomp.c' l='759' u='w' c='re_compile_internal'/>
<use f='glibc_src_2.31/posix/regexec.c' l='213' u='a' c='__regexec'/>
<use f='glibc_src_2.31/posix/regexec.c' l='213' u='a' c='__regexec'/>
<use f='glibc_src_2.31/posix/regexec.c' l='220' u='w' c='__regexec'/>
<use f='glibc_src_2.31/posix/regexec.c' l='220' u='a' c='__regexec'/>
<use f='glibc_src_2.31/posix/regexec.c' l='390' u='a' c='re_search_stub'/>
<use f='glibc_src_2.31/posix/regexec.c' l='390' u='a' c='re_search_stub'/>
<use f='glibc_src_2.31/posix/regexec.c' l='454' u='w' c='re_search_stub'/>
<use f='glibc_src_2.31/posix/regexec.c' l='454' u='a' c='re_search_stub'/>
<offset>1728</offset>
