<dec f='glibc_src_2.31/support/resolv_test.c' l='574' type='pthread_mutex_t'/>
<use f='glibc_src_2.31/support/resolv_test.c' l='639' u='a' c='server_thread_udp_process_one'/>
<use f='glibc_src_2.31/support/resolv_test.c' l='641' u='a' c='server_thread_udp_process_one'/>
<use f='glibc_src_2.31/support/resolv_test.c' l='962' u='a' c='server_thread_tcp'/>
<use f='glibc_src_2.31/support/resolv_test.c' l='965' u='a' c='server_thread_tcp'/>
<use f='glibc_src_2.31/support/resolv_test.c' l='969' u='a' c='server_thread_tcp'/>
<use f='glibc_src_2.31/support/resolv_test.c' l='1117' u='w' c='resolv_test_start'/>
<use f='glibc_src_2.31/support/resolv_test.c' l='1218' u='a' c='resolv_test_end'/>
<use f='glibc_src_2.31/support/resolv_test.c' l='1220' u='a' c='resolv_test_end'/>
<offset>0</offset>
<doc f='glibc_src_2.31/support/resolv_test.c' l='572'>/* After initialization, any access to the struct must be performed
     while this lock is acquired.  */</doc>
