<dec f='glibc_src_2.26/sysdeps/nptl/libc-lock.h' l='32' type='int'/>
<offset>0</offset>
<dec f='glibc_src_2.26/sysdeps/nptl/stdio-lock.h' l='29' type='int'/>
<offset>0</offset>
<use f='glibc_src_2.26/debug/fgets_chk.c' l='39' macro='1' c='__fgets_chk'/>
<use f='glibc_src_2.26/debug/fgets_chk.c' l='39' macro='1' c='__fgets_chk'/>
<use f='glibc_src_2.26/debug/fgets_chk.c' l='39' macro='1' c='__fgets_chk'/>
<use f='glibc_src_2.26/debug/fgets_chk.c' l='39' macro='1' c='__fgets_chk'/>
<use f='glibc_src_2.26/debug/fgetws_chk.c' l='31' macro='1' c='__fgetws_chk'/>
<use f='glibc_src_2.26/debug/fgetws_chk.c' l='31' macro='1' c='__fgetws_chk'/>
<use f='glibc_src_2.26/debug/fgetws_chk.c' l='31' macro='1' c='__fgetws_chk'/>
<use f='glibc_src_2.26/debug/fgetws_chk.c' l='31' macro='1' c='__fgetws_chk'/>
<use f='glibc_src_2.26/debug/fprintf_chk.c' l='30' macro='1' c='___fprintf_chk'/>
<use f='glibc_src_2.26/debug/fprintf_chk.c' l='30' macro='1' c='___fprintf_chk'/>
<use f='glibc_src_2.26/debug/fprintf_chk.c' l='30' macro='1' c='___fprintf_chk'/>
<use f='glibc_src_2.26/debug/fprintf_chk.c' l='30' macro='1' c='___fprintf_chk'/>
<use f='glibc_src_2.26/debug/fread_chk.c' l='50' macro='1' c='__fread_chk'/>
<use f='glibc_src_2.26/debug/fread_chk.c' l='50' macro='1' c='__fread_chk'/>
<use f='glibc_src_2.26/debug/fread_chk.c' l='50' macro='1' c='__fread_chk'/>
<use f='glibc_src_2.26/debug/fread_chk.c' l='50' macro='1' c='__fread_chk'/>
<use f='glibc_src_2.26/debug/fwprintf_chk.c' l='30' macro='1' c='__fwprintf_chk'/>
<use f='glibc_src_2.26/debug/fwprintf_chk.c' l='30' macro='1' c='__fwprintf_chk'/>
<use f='glibc_src_2.26/debug/fwprintf_chk.c' l='30' macro='1' c='__fwprintf_chk'/>
<use f='glibc_src_2.26/debug/fwprintf_chk.c' l='30' macro='1' c='__fwprintf_chk'/>
<use f='glibc_src_2.26/debug/gets_chk.c' l='40' macro='1' c='__gets_chk'/>
<use f='glibc_src_2.26/debug/gets_chk.c' l='40' macro='1' c='__gets_chk'/>
<use f='glibc_src_2.26/debug/gets_chk.c' l='40' macro='1' c='__gets_chk'/>
<use f='glibc_src_2.26/debug/gets_chk.c' l='40' macro='1' c='__gets_chk'/>
<use f='glibc_src_2.26/debug/printf_chk.c' l='30' macro='1' c='___printf_chk'/>
<use f='glibc_src_2.26/debug/printf_chk.c' l='30' macro='1' c='___printf_chk'/>
<use f='glibc_src_2.26/debug/printf_chk.c' l='30' macro='1' c='___printf_chk'/>
<use f='glibc_src_2.26/debug/printf_chk.c' l='30' macro='1' c='___printf_chk'/>
<use f='glibc_src_2.26/debug/vfprintf_chk.c' l='29' macro='1' c='___vfprintf_chk'/>
<use f='glibc_src_2.26/debug/vfprintf_chk.c' l='29' macro='1' c='___vfprintf_chk'/>
<use f='glibc_src_2.26/debug/vfprintf_chk.c' l='29' macro='1' c='___vfprintf_chk'/>
<use f='glibc_src_2.26/debug/vfprintf_chk.c' l='29' macro='1' c='___vfprintf_chk'/>
<use f='glibc_src_2.26/debug/vfwprintf_chk.c' l='29' macro='1' c='__vfwprintf_chk'/>
<use f='glibc_src_2.26/debug/vfwprintf_chk.c' l='29' macro='1' c='__vfwprintf_chk'/>
<use f='glibc_src_2.26/debug/vfwprintf_chk.c' l='29' macro='1' c='__vfwprintf_chk'/>
<use f='glibc_src_2.26/debug/vfwprintf_chk.c' l='29' macro='1' c='__vfwprintf_chk'/>
<use f='glibc_src_2.26/debug/vprintf_chk.c' l='29' macro='1' c='___vprintf_chk'/>
<use f='glibc_src_2.26/debug/vprintf_chk.c' l='29' macro='1' c='___vprintf_chk'/>
<use f='glibc_src_2.26/debug/vprintf_chk.c' l='29' macro='1' c='___vprintf_chk'/>
<use f='glibc_src_2.26/debug/vprintf_chk.c' l='29' macro='1' c='___vprintf_chk'/>
<use f='glibc_src_2.26/debug/vwprintf_chk.c' l='30' macro='1' c='__vwprintf_chk'/>
<use f='glibc_src_2.26/debug/vwprintf_chk.c' l='30' macro='1' c='__vwprintf_chk'/>
<use f='glibc_src_2.26/debug/vwprintf_chk.c' l='30' macro='1' c='__vwprintf_chk'/>
<use f='glibc_src_2.26/debug/vwprintf_chk.c' l='30' macro='1' c='__vwprintf_chk'/>
<use f='glibc_src_2.26/debug/wprintf_chk.c' l='31' macro='1' c='__wprintf_chk'/>
<use f='glibc_src_2.26/debug/wprintf_chk.c' l='31' macro='1' c='__wprintf_chk'/>
<use f='glibc_src_2.26/debug/wprintf_chk.c' l='31' macro='1' c='__wprintf_chk'/>
<use f='glibc_src_2.26/debug/wprintf_chk.c' l='31' macro='1' c='__wprintf_chk'/>
<use f='glibc_src_2.26/grp/fgetgrent_r.c' l='65' macro='1' c='__fgetgrent_r'/>
<use f='glibc_src_2.26/grp/fgetgrent_r.c' l='65' macro='1' c='__fgetgrent_r'/>
<use f='glibc_src_2.26/grp/fgetgrent_r.c' l='65' macro='1' c='__fgetgrent_r'/>
<use f='glibc_src_2.26/grp/fgetgrent_r.c' l='65' macro='1' c='__fgetgrent_r'/>
<use f='glibc_src_2.26/grp/fgetgrent_r.c' l='72' macro='1' c='__fgetgrent_r'/>
<use f='glibc_src_2.26/grp/fgetgrent_r.c' l='72' macro='1' c='__fgetgrent_r'/>
<use f='glibc_src_2.26/grp/fgetgrent_r.c' l='72' macro='1' c='__fgetgrent_r'/>
<use f='glibc_src_2.26/grp/fgetgrent_r.c' l='72' macro='1' c='__fgetgrent_r'/>
<use f='glibc_src_2.26/grp/fgetgrent_r.c' l='79' macro='1' c='__fgetgrent_r'/>
<use f='glibc_src_2.26/grp/fgetgrent_r.c' l='79' macro='1' c='__fgetgrent_r'/>
<use f='glibc_src_2.26/grp/fgetgrent_r.c' l='79' macro='1' c='__fgetgrent_r'/>
<use f='glibc_src_2.26/grp/fgetgrent_r.c' l='79' macro='1' c='__fgetgrent_r'/>
<use f='glibc_src_2.26/grp/fgetgrent_r.c' l='95' macro='1' c='__fgetgrent_r'/>
<use f='glibc_src_2.26/grp/fgetgrent_r.c' l='95' macro='1' c='__fgetgrent_r'/>
<use f='glibc_src_2.26/grp/fgetgrent_r.c' l='95' macro='1' c='__fgetgrent_r'/>
<use f='glibc_src_2.26/grp/fgetgrent_r.c' l='95' macro='1' c='__fgetgrent_r'/>
<use f='glibc_src_2.26/grp/putgrent.c' l='45' macro='1' c='putgrent'/>
<use f='glibc_src_2.26/grp/putgrent.c' l='45' macro='1' c='putgrent'/>
<use f='glibc_src_2.26/grp/putgrent.c' l='45' macro='1' c='putgrent'/>
<use f='glibc_src_2.26/grp/putgrent.c' l='45' macro='1' c='putgrent'/>
<use f='glibc_src_2.26/grp/putgrent.c' l='56' macro='1' c='putgrent'/>
<use f='glibc_src_2.26/grp/putgrent.c' l='56' macro='1' c='putgrent'/>
<use f='glibc_src_2.26/grp/putgrent.c' l='56' macro='1' c='putgrent'/>
<use f='glibc_src_2.26/grp/putgrent.c' l='56' macro='1' c='putgrent'/>
<use f='glibc_src_2.26/grp/putgrent.c' l='66' macro='1' c='putgrent'/>
<use f='glibc_src_2.26/grp/putgrent.c' l='66' macro='1' c='putgrent'/>
<use f='glibc_src_2.26/grp/putgrent.c' l='66' macro='1' c='putgrent'/>
<use f='glibc_src_2.26/grp/putgrent.c' l='66' macro='1' c='putgrent'/>
<use f='glibc_src_2.26/grp/putgrent.c' l='73' macro='1' c='putgrent'/>
<use f='glibc_src_2.26/grp/putgrent.c' l='73' macro='1' c='putgrent'/>
<use f='glibc_src_2.26/grp/putgrent.c' l='73' macro='1' c='putgrent'/>
<use f='glibc_src_2.26/grp/putgrent.c' l='73' macro='1' c='putgrent'/>
<use f='glibc_src_2.26/gshadow/fgetsgent_r.c' l='41' macro='1' c='__fgetsgent_r'/>
<use f='glibc_src_2.26/gshadow/fgetsgent_r.c' l='41' macro='1' c='__fgetsgent_r'/>
<use f='glibc_src_2.26/gshadow/fgetsgent_r.c' l='41' macro='1' c='__fgetsgent_r'/>
<use f='glibc_src_2.26/gshadow/fgetsgent_r.c' l='41' macro='1' c='__fgetsgent_r'/>
<use f='glibc_src_2.26/gshadow/fgetsgent_r.c' l='48' macro='1' c='__fgetsgent_r'/>
<use f='glibc_src_2.26/gshadow/fgetsgent_r.c' l='48' macro='1' c='__fgetsgent_r'/>
<use f='glibc_src_2.26/gshadow/fgetsgent_r.c' l='48' macro='1' c='__fgetsgent_r'/>
<use f='glibc_src_2.26/gshadow/fgetsgent_r.c' l='48' macro='1' c='__fgetsgent_r'/>
<use f='glibc_src_2.26/gshadow/fgetsgent_r.c' l='55' macro='1' c='__fgetsgent_r'/>
<use f='glibc_src_2.26/gshadow/fgetsgent_r.c' l='55' macro='1' c='__fgetsgent_r'/>
<use f='glibc_src_2.26/gshadow/fgetsgent_r.c' l='55' macro='1' c='__fgetsgent_r'/>
<use f='glibc_src_2.26/gshadow/fgetsgent_r.c' l='55' macro='1' c='__fgetsgent_r'/>
<use f='glibc_src_2.26/gshadow/fgetsgent_r.c' l='70' macro='1' c='__fgetsgent_r'/>
<use f='glibc_src_2.26/gshadow/fgetsgent_r.c' l='70' macro='1' c='__fgetsgent_r'/>
<use f='glibc_src_2.26/gshadow/fgetsgent_r.c' l='70' macro='1' c='__fgetsgent_r'/>
<use f='glibc_src_2.26/gshadow/fgetsgent_r.c' l='70' macro='1' c='__fgetsgent_r'/>
<use f='glibc_src_2.26/gshadow/putsgent.c' l='43' macro='1' c='putsgent'/>
<use f='glibc_src_2.26/gshadow/putsgent.c' l='43' macro='1' c='putsgent'/>
<use f='glibc_src_2.26/gshadow/putsgent.c' l='43' macro='1' c='putsgent'/>
<use f='glibc_src_2.26/gshadow/putsgent.c' l='43' macro='1' c='putsgent'/>
<use f='glibc_src_2.26/gshadow/putsgent.c' l='78' macro='1' c='putsgent'/>
<use f='glibc_src_2.26/gshadow/putsgent.c' l='78' macro='1' c='putsgent'/>
<use f='glibc_src_2.26/gshadow/putsgent.c' l='78' macro='1' c='putsgent'/>
<use f='glibc_src_2.26/gshadow/putsgent.c' l='78' macro='1' c='putsgent'/>
<use f='glibc_src_2.26/intl/loadmsgcat.c' l='771' macro='1' c='_nl_load_domain'/>
<use f='glibc_src_2.26/intl/loadmsgcat.c' l='771' macro='1' c='_nl_load_domain'/>
<use f='glibc_src_2.26/intl/loadmsgcat.c' l='771' macro='1' c='_nl_load_domain'/>
<use f='glibc_src_2.26/intl/loadmsgcat.c' l='771' macro='1' c='_nl_load_domain'/>
<use f='glibc_src_2.26/intl/loadmsgcat.c' l='1282' macro='1' c='_nl_load_domain'/>
<use f='glibc_src_2.26/intl/loadmsgcat.c' l='1282' macro='1' c='_nl_load_domain'/>
<use f='glibc_src_2.26/intl/loadmsgcat.c' l='1282' macro='1' c='_nl_load_domain'/>
<use f='glibc_src_2.26/intl/loadmsgcat.c' l='1282' macro='1' c='_nl_load_domain'/>
<use f='glibc_src_2.26/libio/clearerr.c' l='25' macro='1' c='clearerr'/>
<use f='glibc_src_2.26/libio/clearerr.c' l='25' macro='1' c='clearerr'/>
<use f='glibc_src_2.26/libio/clearerr.c' l='25' macro='1' c='clearerr'/>
<use f='glibc_src_2.26/libio/clearerr.c' l='25' macro='1' c='clearerr'/>
<use f='glibc_src_2.26/libio/clearerr.c' l='27' macro='1' c='clearerr'/>
<use f='glibc_src_2.26/libio/clearerr.c' l='27' macro='1' c='clearerr'/>
<use f='glibc_src_2.26/libio/clearerr.c' l='27' macro='1' c='clearerr'/>
<use f='glibc_src_2.26/libio/clearerr.c' l='27' macro='1' c='clearerr'/>
<use f='glibc_src_2.26/libio/feof.c' l='37' macro='1' c='_IO_feof'/>
<use f='glibc_src_2.26/libio/feof.c' l='37' macro='1' c='_IO_feof'/>
<use f='glibc_src_2.26/libio/feof.c' l='37' macro='1' c='_IO_feof'/>
<use f='glibc_src_2.26/libio/feof.c' l='37' macro='1' c='_IO_feof'/>
<use f='glibc_src_2.26/libio/feof.c' l='39' macro='1' c='_IO_feof'/>
<use f='glibc_src_2.26/libio/feof.c' l='39' macro='1' c='_IO_feof'/>
<use f='glibc_src_2.26/libio/feof.c' l='39' macro='1' c='_IO_feof'/>
<use f='glibc_src_2.26/libio/feof.c' l='39' macro='1' c='_IO_feof'/>
<use f='glibc_src_2.26/libio/ferror.c' l='37' macro='1' c='_IO_ferror'/>
<use f='glibc_src_2.26/libio/ferror.c' l='37' macro='1' c='_IO_ferror'/>
<use f='glibc_src_2.26/libio/ferror.c' l='37' macro='1' c='_IO_ferror'/>
<use f='glibc_src_2.26/libio/ferror.c' l='37' macro='1' c='_IO_ferror'/>
<use f='glibc_src_2.26/libio/ferror.c' l='39' macro='1' c='_IO_ferror'/>
<use f='glibc_src_2.26/libio/ferror.c' l='39' macro='1' c='_IO_ferror'/>
<use f='glibc_src_2.26/libio/ferror.c' l='39' macro='1' c='_IO_ferror'/>
<use f='glibc_src_2.26/libio/ferror.c' l='39' macro='1' c='_IO_ferror'/>
<use f='glibc_src_2.26/libio/fileops.c' l='563' macro='1' c='_IO_new_file_underflow'/>
<use f='glibc_src_2.26/libio/fileops.c' l='563' macro='1' c='_IO_new_file_underflow'/>
<use f='glibc_src_2.26/libio/fileops.c' l='563' macro='1' c='_IO_new_file_underflow'/>
<use f='glibc_src_2.26/libio/fileops.c' l='563' macro='1' c='_IO_new_file_underflow'/>
<use f='glibc_src_2.26/libio/fputc.c' l='37' macro='1' c='fputc'/>
<use f='glibc_src_2.26/libio/fputc.c' l='37' macro='1' c='fputc'/>
<use f='glibc_src_2.26/libio/fputc.c' l='37' macro='1' c='fputc'/>
<use f='glibc_src_2.26/libio/fputc.c' l='37' macro='1' c='fputc'/>
<use f='glibc_src_2.26/libio/fputwc.c' l='35' macro='1' c='fputwc'/>
<use f='glibc_src_2.26/libio/fputwc.c' l='35' macro='1' c='fputwc'/>
<use f='glibc_src_2.26/libio/fputwc.c' l='35' macro='1' c='fputwc'/>
<use f='glibc_src_2.26/libio/fputwc.c' l='35' macro='1' c='fputwc'/>
<use f='glibc_src_2.26/libio/freopen.c' l='45' macro='1' c='freopen'/>
<use f='glibc_src_2.26/libio/freopen.c' l='45' macro='1' c='freopen'/>
<use f='glibc_src_2.26/libio/freopen.c' l='45' macro='1' c='freopen'/>
<use f='glibc_src_2.26/libio/freopen.c' l='45' macro='1' c='freopen'/>
<use f='glibc_src_2.26/libio/freopen64.c' l='44' macro='1' c='freopen64'/>
<use f='glibc_src_2.26/libio/freopen64.c' l='44' macro='1' c='freopen64'/>
<use f='glibc_src_2.26/libio/freopen64.c' l='44' macro='1' c='freopen64'/>
<use f='glibc_src_2.26/libio/freopen64.c' l='44' macro='1' c='freopen64'/>
<use f='glibc_src_2.26/libio/fseek.c' l='35' macro='1' c='fseek'/>
<use f='glibc_src_2.26/libio/fseek.c' l='35' macro='1' c='fseek'/>
<use f='glibc_src_2.26/libio/fseek.c' l='35' macro='1' c='fseek'/>
<use f='glibc_src_2.26/libio/fseek.c' l='35' macro='1' c='fseek'/>
<use f='glibc_src_2.26/libio/fseeko.c' l='35' macro='1' c='fseeko'/>
<use f='glibc_src_2.26/libio/fseeko.c' l='35' macro='1' c='fseeko'/>
<use f='glibc_src_2.26/libio/fseeko.c' l='35' macro='1' c='fseeko'/>
<use f='glibc_src_2.26/libio/fseeko.c' l='35' macro='1' c='fseeko'/>
<use f='glibc_src_2.26/libio/ftello.c' l='38' macro='1' c='__ftello'/>
<use f='glibc_src_2.26/libio/ftello.c' l='38' macro='1' c='__ftello'/>
<use f='glibc_src_2.26/libio/ftello.c' l='38' macro='1' c='__ftello'/>
<use f='glibc_src_2.26/libio/ftello.c' l='38' macro='1' c='__ftello'/>
<use f='glibc_src_2.26/libio/fwide.c' l='44' macro='1' c='fwide'/>
<use f='glibc_src_2.26/libio/fwide.c' l='44' macro='1' c='fwide'/>
<use f='glibc_src_2.26/libio/fwide.c' l='44' macro='1' c='fwide'/>
<use f='glibc_src_2.26/libio/fwide.c' l='44' macro='1' c='fwide'/>
<use f='glibc_src_2.26/libio/genops.c' l='52' macro='1' c='flush_cleanup'/>
<use f='glibc_src_2.26/libio/genops.c' l='52' macro='1' c='flush_cleanup'/>
<use f='glibc_src_2.26/libio/genops.c' l='52' macro='1' c='flush_cleanup'/>
<use f='glibc_src_2.26/libio/genops.c' l='52' macro='1' c='flush_cleanup'/>
<use f='glibc_src_2.26/libio/genops.c' l='53' macro='1' c='flush_cleanup'/>
<use f='glibc_src_2.26/libio/genops.c' l='53' macro='1' c='flush_cleanup'/>
<use f='glibc_src_2.26/libio/genops.c' l='53' macro='1' c='flush_cleanup'/>
<use f='glibc_src_2.26/libio/genops.c' l='53' macro='1' c='flush_cleanup'/>
<use f='glibc_src_2.26/libio/genops.c' l='65' macro='1' c='_IO_un_link'/>
<use f='glibc_src_2.26/libio/genops.c' l='65' macro='1' c='_IO_un_link'/>
<use f='glibc_src_2.26/libio/genops.c' l='65' macro='1' c='_IO_un_link'/>
<use f='glibc_src_2.26/libio/genops.c' l='65' macro='1' c='_IO_un_link'/>
<use f='glibc_src_2.26/libio/genops.c' l='67' macro='1' c='_IO_un_link'/>
<use f='glibc_src_2.26/libio/genops.c' l='67' macro='1' c='_IO_un_link'/>
<use f='glibc_src_2.26/libio/genops.c' l='67' macro='1' c='_IO_un_link'/>
<use f='glibc_src_2.26/libio/genops.c' l='67' macro='1' c='_IO_un_link'/>
<use f='glibc_src_2.26/libio/genops.c' l='86' macro='1' c='_IO_un_link'/>
<use f='glibc_src_2.26/libio/genops.c' l='86' macro='1' c='_IO_un_link'/>
<use f='glibc_src_2.26/libio/genops.c' l='86' macro='1' c='_IO_un_link'/>
<use f='glibc_src_2.26/libio/genops.c' l='86' macro='1' c='_IO_un_link'/>
<use f='glibc_src_2.26/libio/genops.c' l='88' macro='1' c='_IO_un_link'/>
<use f='glibc_src_2.26/libio/genops.c' l='88' macro='1' c='_IO_un_link'/>
<use f='glibc_src_2.26/libio/genops.c' l='88' macro='1' c='_IO_un_link'/>
<use f='glibc_src_2.26/libio/genops.c' l='88' macro='1' c='_IO_un_link'/>
<use f='glibc_src_2.26/libio/genops.c' l='103' macro='1' c='_IO_link_in'/>
<use f='glibc_src_2.26/libio/genops.c' l='103' macro='1' c='_IO_link_in'/>
<use f='glibc_src_2.26/libio/genops.c' l='103' macro='1' c='_IO_link_in'/>
<use f='glibc_src_2.26/libio/genops.c' l='103' macro='1' c='_IO_link_in'/>
<use f='glibc_src_2.26/libio/genops.c' l='105' macro='1' c='_IO_link_in'/>
<use f='glibc_src_2.26/libio/genops.c' l='105' macro='1' c='_IO_link_in'/>
<use f='glibc_src_2.26/libio/genops.c' l='105' macro='1' c='_IO_link_in'/>
<use f='glibc_src_2.26/libio/genops.c' l='105' macro='1' c='_IO_link_in'/>
<use f='glibc_src_2.26/libio/genops.c' l='111' macro='1' c='_IO_link_in'/>
<use f='glibc_src_2.26/libio/genops.c' l='111' macro='1' c='_IO_link_in'/>
<use f='glibc_src_2.26/libio/genops.c' l='111' macro='1' c='_IO_link_in'/>
<use f='glibc_src_2.26/libio/genops.c' l='111' macro='1' c='_IO_link_in'/>
<use f='glibc_src_2.26/libio/genops.c' l='113' macro='1' c='_IO_link_in'/>
<use f='glibc_src_2.26/libio/genops.c' l='113' macro='1' c='_IO_link_in'/>
<use f='glibc_src_2.26/libio/genops.c' l='113' macro='1' c='_IO_link_in'/>
<use f='glibc_src_2.26/libio/genops.c' l='113' macro='1' c='_IO_link_in'/>
<use f='glibc_src_2.26/libio/genops.c' l='802' macro='1' c='_IO_flush_all_lockp'/>
<use f='glibc_src_2.26/libio/genops.c' l='802' macro='1' c='_IO_flush_all_lockp'/>
<use f='glibc_src_2.26/libio/genops.c' l='802' macro='1' c='_IO_flush_all_lockp'/>
<use f='glibc_src_2.26/libio/genops.c' l='802' macro='1' c='_IO_flush_all_lockp'/>
<use f='glibc_src_2.26/libio/genops.c' l='811' macro='1' c='_IO_flush_all_lockp'/>
<use f='glibc_src_2.26/libio/genops.c' l='811' macro='1' c='_IO_flush_all_lockp'/>
<use f='glibc_src_2.26/libio/genops.c' l='811' macro='1' c='_IO_flush_all_lockp'/>
<use f='glibc_src_2.26/libio/genops.c' l='811' macro='1' c='_IO_flush_all_lockp'/>
<use f='glibc_src_2.26/libio/genops.c' l='824' macro='1' c='_IO_flush_all_lockp'/>
<use f='glibc_src_2.26/libio/genops.c' l='824' macro='1' c='_IO_flush_all_lockp'/>
<use f='glibc_src_2.26/libio/genops.c' l='824' macro='1' c='_IO_flush_all_lockp'/>
<use f='glibc_src_2.26/libio/genops.c' l='824' macro='1' c='_IO_flush_all_lockp'/>
<use f='glibc_src_2.26/libio/genops.c' l='839' macro='1' c='_IO_flush_all_lockp'/>
<use f='glibc_src_2.26/libio/genops.c' l='839' macro='1' c='_IO_flush_all_lockp'/>
<use f='glibc_src_2.26/libio/genops.c' l='839' macro='1' c='_IO_flush_all_lockp'/>
<use f='glibc_src_2.26/libio/genops.c' l='839' macro='1' c='_IO_flush_all_lockp'/>
<use f='glibc_src_2.26/libio/genops.c' l='863' macro='1' c='_IO_flush_all_linebuffered'/>
<use f='glibc_src_2.26/libio/genops.c' l='863' macro='1' c='_IO_flush_all_linebuffered'/>
<use f='glibc_src_2.26/libio/genops.c' l='863' macro='1' c='_IO_flush_all_linebuffered'/>
<use f='glibc_src_2.26/libio/genops.c' l='863' macro='1' c='_IO_flush_all_linebuffered'/>
<use f='glibc_src_2.26/libio/genops.c' l='871' macro='1' c='_IO_flush_all_linebuffered'/>
<use f='glibc_src_2.26/libio/genops.c' l='871' macro='1' c='_IO_flush_all_linebuffered'/>
<use f='glibc_src_2.26/libio/genops.c' l='871' macro='1' c='_IO_flush_all_linebuffered'/>
<use f='glibc_src_2.26/libio/genops.c' l='871' macro='1' c='_IO_flush_all_linebuffered'/>
<use f='glibc_src_2.26/libio/genops.c' l='876' macro='1' c='_IO_flush_all_linebuffered'/>
<use f='glibc_src_2.26/libio/genops.c' l='876' macro='1' c='_IO_flush_all_linebuffered'/>
<use f='glibc_src_2.26/libio/genops.c' l='876' macro='1' c='_IO_flush_all_linebuffered'/>
<use f='glibc_src_2.26/libio/genops.c' l='876' macro='1' c='_IO_flush_all_linebuffered'/>
<use f='glibc_src_2.26/libio/genops.c' l='890' macro='1' c='_IO_flush_all_linebuffered'/>
<use f='glibc_src_2.26/libio/genops.c' l='890' macro='1' c='_IO_flush_all_linebuffered'/>
<use f='glibc_src_2.26/libio/genops.c' l='890' macro='1' c='_IO_flush_all_linebuffered'/>
<use f='glibc_src_2.26/libio/genops.c' l='890' macro='1' c='_IO_flush_all_linebuffered'/>
<use f='glibc_src_2.26/libio/genops.c' l='932' macro='1' c='_IO_unbuffer_all'/>
<use f='glibc_src_2.26/libio/genops.c' l='932' macro='1' c='_IO_unbuffer_all'/>
<use f='glibc_src_2.26/libio/genops.c' l='956' macro='1' c='_IO_unbuffer_all'/>
<use f='glibc_src_2.26/libio/genops.c' l='956' macro='1' c='_IO_unbuffer_all'/>
<use f='glibc_src_2.26/libio/genops.c' l='956' macro='1' c='_IO_unbuffer_all'/>
<use f='glibc_src_2.26/libio/genops.c' l='956' macro='1' c='_IO_unbuffer_all'/>
<use f='glibc_src_2.26/libio/genops.c' l='1244' macro='1' c='_IO_list_lock'/>
<use f='glibc_src_2.26/libio/genops.c' l='1244' macro='1' c='_IO_list_lock'/>
<use f='glibc_src_2.26/libio/genops.c' l='1244' macro='1' c='_IO_list_lock'/>
<use f='glibc_src_2.26/libio/genops.c' l='1244' macro='1' c='_IO_list_lock'/>
<use f='glibc_src_2.26/libio/genops.c' l='1253' macro='1' c='_IO_list_unlock'/>
<use f='glibc_src_2.26/libio/genops.c' l='1253' macro='1' c='_IO_list_unlock'/>
<use f='glibc_src_2.26/libio/genops.c' l='1253' macro='1' c='_IO_list_unlock'/>
<use f='glibc_src_2.26/libio/genops.c' l='1253' macro='1' c='_IO_list_unlock'/>
<use f='glibc_src_2.26/libio/getc.c' l='39' macro='1' c='_IO_getc'/>
<use f='glibc_src_2.26/libio/getc.c' l='39' macro='1' c='_IO_getc'/>
<use f='glibc_src_2.26/libio/getc.c' l='39' macro='1' c='_IO_getc'/>
<use f='glibc_src_2.26/libio/getc.c' l='39' macro='1' c='_IO_getc'/>
<use f='glibc_src_2.26/libio/getchar.c' l='38' macro='1' c='getchar'/>
<use f='glibc_src_2.26/libio/getchar.c' l='38' macro='1' c='getchar'/>
<use f='glibc_src_2.26/libio/getchar.c' l='38' macro='1' c='getchar'/>
<use f='glibc_src_2.26/libio/getchar.c' l='38' macro='1' c='getchar'/>
<use f='glibc_src_2.26/libio/getwc.c' l='38' macro='1' c='_IO_getwc'/>
<use f='glibc_src_2.26/libio/getwc.c' l='38' macro='1' c='_IO_getwc'/>
<use f='glibc_src_2.26/libio/getwc.c' l='38' macro='1' c='_IO_getwc'/>
<use f='glibc_src_2.26/libio/getwc.c' l='38' macro='1' c='_IO_getwc'/>
<use f='glibc_src_2.26/libio/getwchar.c' l='36' macro='1' c='getwchar'/>
<use f='glibc_src_2.26/libio/getwchar.c' l='36' macro='1' c='getwchar'/>
<use f='glibc_src_2.26/libio/getwchar.c' l='36' macro='1' c='getwchar'/>
<use f='glibc_src_2.26/libio/getwchar.c' l='36' macro='1' c='getwchar'/>
<use f='glibc_src_2.26/libio/iofclose.c' l='56' macro='1' c='_IO_new_fclose'/>
<use f='glibc_src_2.26/libio/iofclose.c' l='56' macro='1' c='_IO_new_fclose'/>
<use f='glibc_src_2.26/libio/iofclose.c' l='56' macro='1' c='_IO_new_fclose'/>
<use f='glibc_src_2.26/libio/iofclose.c' l='56' macro='1' c='_IO_new_fclose'/>
<use f='glibc_src_2.26/libio/iofflush.c' l='39' macro='1' c='__GI__IO_fflush'/>
<use f='glibc_src_2.26/libio/iofflush.c' l='39' macro='1' c='__GI__IO_fflush'/>
<use f='glibc_src_2.26/libio/iofflush.c' l='39' macro='1' c='__GI__IO_fflush'/>
<use f='glibc_src_2.26/libio/iofflush.c' l='39' macro='1' c='__GI__IO_fflush'/>
<use f='glibc_src_2.26/libio/iofgetpos.c' l='48' macro='1' c='_IO_new_fgetpos'/>
<use f='glibc_src_2.26/libio/iofgetpos.c' l='48' macro='1' c='_IO_new_fgetpos'/>
<use f='glibc_src_2.26/libio/iofgetpos.c' l='48' macro='1' c='_IO_new_fgetpos'/>
<use f='glibc_src_2.26/libio/iofgetpos.c' l='48' macro='1' c='_IO_new_fgetpos'/>
<use f='glibc_src_2.26/libio/iofgets.c' l='47' macro='1' c='_IO_fgets'/>
<use f='glibc_src_2.26/libio/iofgets.c' l='47' macro='1' c='_IO_fgets'/>
<use f='glibc_src_2.26/libio/iofgets.c' l='47' macro='1' c='_IO_fgets'/>
<use f='glibc_src_2.26/libio/iofgets.c' l='47' macro='1' c='_IO_fgets'/>
<use f='glibc_src_2.26/libio/iofgetws.c' l='47' macro='1' c='fgetws'/>
<use f='glibc_src_2.26/libio/iofgetws.c' l='47' macro='1' c='fgetws'/>
<use f='glibc_src_2.26/libio/iofgetws.c' l='47' macro='1' c='fgetws'/>
<use f='glibc_src_2.26/libio/iofgetws.c' l='47' macro='1' c='fgetws'/>
<use f='glibc_src_2.26/libio/iofputs.c' l='36' macro='1' c='__GI__IO_fputs'/>
<use f='glibc_src_2.26/libio/iofputs.c' l='36' macro='1' c='__GI__IO_fputs'/>
<use f='glibc_src_2.26/libio/iofputs.c' l='36' macro='1' c='__GI__IO_fputs'/>
<use f='glibc_src_2.26/libio/iofputs.c' l='36' macro='1' c='__GI__IO_fputs'/>
<use f='glibc_src_2.26/libio/iofputws.c' l='36' macro='1' c='fputws'/>
<use f='glibc_src_2.26/libio/iofputws.c' l='36' macro='1' c='fputws'/>
<use f='glibc_src_2.26/libio/iofputws.c' l='36' macro='1' c='fputws'/>
<use f='glibc_src_2.26/libio/iofputws.c' l='36' macro='1' c='fputws'/>
<use f='glibc_src_2.26/libio/iofread.c' l='37' macro='1' c='__GI__IO_fread'/>
<use f='glibc_src_2.26/libio/iofread.c' l='37' macro='1' c='__GI__IO_fread'/>
<use f='glibc_src_2.26/libio/iofread.c' l='37' macro='1' c='__GI__IO_fread'/>
<use f='glibc_src_2.26/libio/iofread.c' l='37' macro='1' c='__GI__IO_fread'/>
<use f='glibc_src_2.26/libio/iofsetpos.c' l='46' macro='1' c='_IO_new_fsetpos'/>
<use f='glibc_src_2.26/libio/iofsetpos.c' l='46' macro='1' c='_IO_new_fsetpos'/>
<use f='glibc_src_2.26/libio/iofsetpos.c' l='46' macro='1' c='_IO_new_fsetpos'/>
<use f='glibc_src_2.26/libio/iofsetpos.c' l='46' macro='1' c='_IO_new_fsetpos'/>
<use f='glibc_src_2.26/libio/ioftell.c' l='37' macro='1' c='__GI__IO_ftell'/>
<use f='glibc_src_2.26/libio/ioftell.c' l='37' macro='1' c='__GI__IO_ftell'/>
<use f='glibc_src_2.26/libio/ioftell.c' l='37' macro='1' c='__GI__IO_ftell'/>
<use f='glibc_src_2.26/libio/ioftell.c' l='37' macro='1' c='__GI__IO_ftell'/>
<use f='glibc_src_2.26/libio/iofwrite.c' l='37' macro='1' c='_IO_fwrite'/>
<use f='glibc_src_2.26/libio/iofwrite.c' l='37' macro='1' c='_IO_fwrite'/>
<use f='glibc_src_2.26/libio/iofwrite.c' l='37' macro='1' c='_IO_fwrite'/>
<use f='glibc_src_2.26/libio/iofwrite.c' l='37' macro='1' c='_IO_fwrite'/>
<use f='glibc_src_2.26/libio/iogetdelim.c' l='52' macro='1' c='_IO_getdelim'/>
<use f='glibc_src_2.26/libio/iogetdelim.c' l='52' macro='1' c='_IO_getdelim'/>
<use f='glibc_src_2.26/libio/iogetdelim.c' l='52' macro='1' c='_IO_getdelim'/>
<use f='glibc_src_2.26/libio/iogetdelim.c' l='52' macro='1' c='_IO_getdelim'/>
<use f='glibc_src_2.26/libio/iogets.c' l='37' macro='1' c='_IO_gets'/>
<use f='glibc_src_2.26/libio/iogets.c' l='37' macro='1' c='_IO_gets'/>
<use f='glibc_src_2.26/libio/iogets.c' l='37' macro='1' c='_IO_gets'/>
<use f='glibc_src_2.26/libio/iogets.c' l='37' macro='1' c='_IO_gets'/>
<use f='glibc_src_2.26/libio/iopopen.c' l='104' macro='1' c='unlock'/>
<use f='glibc_src_2.26/libio/iopopen.c' l='104' macro='1' c='unlock'/>
<use f='glibc_src_2.26/libio/iopopen.c' l='104' macro='1' c='unlock'/>
<use f='glibc_src_2.26/libio/iopopen.c' l='104' macro='1' c='unlock'/>
<use f='glibc_src_2.26/libio/iopopen.c' l='214' macro='1' c='_IO_new_proc_open'/>
<use f='glibc_src_2.26/libio/iopopen.c' l='214' macro='1' c='_IO_new_proc_open'/>
<use f='glibc_src_2.26/libio/iopopen.c' l='214' macro='1' c='_IO_new_proc_open'/>
<use f='glibc_src_2.26/libio/iopopen.c' l='214' macro='1' c='_IO_new_proc_open'/>
<use f='glibc_src_2.26/libio/iopopen.c' l='219' macro='1' c='_IO_new_proc_open'/>
<use f='glibc_src_2.26/libio/iopopen.c' l='219' macro='1' c='_IO_new_proc_open'/>
<use f='glibc_src_2.26/libio/iopopen.c' l='219' macro='1' c='_IO_new_proc_open'/>
<use f='glibc_src_2.26/libio/iopopen.c' l='219' macro='1' c='_IO_new_proc_open'/>
<use f='glibc_src_2.26/libio/iopopen.c' l='271' macro='1' c='_IO_new_proc_close'/>
<use f='glibc_src_2.26/libio/iopopen.c' l='271' macro='1' c='_IO_new_proc_close'/>
<use f='glibc_src_2.26/libio/iopopen.c' l='271' macro='1' c='_IO_new_proc_close'/>
<use f='glibc_src_2.26/libio/iopopen.c' l='271' macro='1' c='_IO_new_proc_close'/>
<use f='glibc_src_2.26/libio/iopopen.c' l='283' macro='1' c='_IO_new_proc_close'/>
<use f='glibc_src_2.26/libio/iopopen.c' l='283' macro='1' c='_IO_new_proc_close'/>
<use f='glibc_src_2.26/libio/iopopen.c' l='283' macro='1' c='_IO_new_proc_close'/>
<use f='glibc_src_2.26/libio/iopopen.c' l='283' macro='1' c='_IO_new_proc_close'/>
<use f='glibc_src_2.26/libio/ioputs.c' l='36' macro='1' c='_IO_puts'/>
<use f='glibc_src_2.26/libio/ioputs.c' l='36' macro='1' c='_IO_puts'/>
<use f='glibc_src_2.26/libio/ioputs.c' l='36' macro='1' c='_IO_puts'/>
<use f='glibc_src_2.26/libio/ioputs.c' l='36' macro='1' c='_IO_puts'/>
<use f='glibc_src_2.26/libio/ioseekoff.c' l='74' macro='1' c='_IO_seekoff'/>
<use f='glibc_src_2.26/libio/ioseekoff.c' l='74' macro='1' c='_IO_seekoff'/>
<use f='glibc_src_2.26/libio/ioseekoff.c' l='74' macro='1' c='_IO_seekoff'/>
<use f='glibc_src_2.26/libio/ioseekoff.c' l='74' macro='1' c='_IO_seekoff'/>
<use f='glibc_src_2.26/libio/ioseekpos.c' l='55' macro='1' c='_IO_seekpos'/>
<use f='glibc_src_2.26/libio/ioseekpos.c' l='55' macro='1' c='_IO_seekpos'/>
<use f='glibc_src_2.26/libio/ioseekpos.c' l='55' macro='1' c='_IO_seekpos'/>
<use f='glibc_src_2.26/libio/ioseekpos.c' l='55' macro='1' c='_IO_seekpos'/>
<use f='glibc_src_2.26/libio/iosetbuffer.c' l='33' macro='1' c='__GI__IO_setbuffer'/>
<use f='glibc_src_2.26/libio/iosetbuffer.c' l='33' macro='1' c='__GI__IO_setbuffer'/>
<use f='glibc_src_2.26/libio/iosetbuffer.c' l='33' macro='1' c='__GI__IO_setbuffer'/>
<use f='glibc_src_2.26/libio/iosetbuffer.c' l='33' macro='1' c='__GI__IO_setbuffer'/>
<use f='glibc_src_2.26/libio/iosetvbuf.c' l='38' macro='1' c='_IO_setvbuf'/>
<use f='glibc_src_2.26/libio/iosetvbuf.c' l='38' macro='1' c='_IO_setvbuf'/>
<use f='glibc_src_2.26/libio/iosetvbuf.c' l='38' macro='1' c='_IO_setvbuf'/>
<use f='glibc_src_2.26/libio/iosetvbuf.c' l='38' macro='1' c='_IO_setvbuf'/>
<use f='glibc_src_2.26/libio/ioungetc.c' l='38' macro='1' c='_IO_ungetc'/>
<use f='glibc_src_2.26/libio/ioungetc.c' l='38' macro='1' c='_IO_ungetc'/>
<use f='glibc_src_2.26/libio/ioungetc.c' l='38' macro='1' c='_IO_ungetc'/>
<use f='glibc_src_2.26/libio/ioungetc.c' l='38' macro='1' c='_IO_ungetc'/>
<use f='glibc_src_2.26/libio/ioungetwc.c' l='35' macro='1' c='ungetwc'/>
<use f='glibc_src_2.26/libio/ioungetwc.c' l='35' macro='1' c='ungetwc'/>
<use f='glibc_src_2.26/libio/ioungetwc.c' l='35' macro='1' c='ungetwc'/>
<use f='glibc_src_2.26/libio/ioungetwc.c' l='35' macro='1' c='ungetwc'/>
<use f='glibc_src_2.26/libio/peekc.c' l='37' macro='1' c='_IO_peekc_locked'/>
<use f='glibc_src_2.26/libio/peekc.c' l='37' macro='1' c='_IO_peekc_locked'/>
<use f='glibc_src_2.26/libio/peekc.c' l='37' macro='1' c='_IO_peekc_locked'/>
<use f='glibc_src_2.26/libio/peekc.c' l='37' macro='1' c='_IO_peekc_locked'/>
<use f='glibc_src_2.26/libio/putc.c' l='30' macro='1' c='_IO_putc'/>
<use f='glibc_src_2.26/libio/putc.c' l='30' macro='1' c='_IO_putc'/>
<use f='glibc_src_2.26/libio/putc.c' l='30' macro='1' c='_IO_putc'/>
<use f='glibc_src_2.26/libio/putc.c' l='30' macro='1' c='_IO_putc'/>
<use f='glibc_src_2.26/libio/putchar.c' l='27' macro='1' c='putchar'/>
<use f='glibc_src_2.26/libio/putchar.c' l='27' macro='1' c='putchar'/>
<use f='glibc_src_2.26/libio/putchar.c' l='27' macro='1' c='putchar'/>
<use f='glibc_src_2.26/libio/putchar.c' l='27' macro='1' c='putchar'/>
<use f='glibc_src_2.26/libio/putwc.c' l='26' macro='1' c='putwc'/>
<use f='glibc_src_2.26/libio/putwc.c' l='26' macro='1' c='putwc'/>
<use f='glibc_src_2.26/libio/putwc.c' l='26' macro='1' c='putwc'/>
<use f='glibc_src_2.26/libio/putwc.c' l='26' macro='1' c='putwc'/>
<use f='glibc_src_2.26/libio/putwchar.c' l='25' macro='1' c='putwchar'/>
<use f='glibc_src_2.26/libio/putwchar.c' l='25' macro='1' c='putwchar'/>
<use f='glibc_src_2.26/libio/putwchar.c' l='25' macro='1' c='putwchar'/>
<use f='glibc_src_2.26/libio/putwchar.c' l='25' macro='1' c='putwchar'/>
<use f='glibc_src_2.26/libio/rewind.c' l='34' macro='1' c='rewind'/>
<use f='glibc_src_2.26/libio/rewind.c' l='34' macro='1' c='rewind'/>
<use f='glibc_src_2.26/libio/rewind.c' l='34' macro='1' c='rewind'/>
<use f='glibc_src_2.26/libio/rewind.c' l='34' macro='1' c='rewind'/>
<use f='glibc_src_2.26/libio/wfileops.c' l='229' macro='1' c='_IO_wfile_underflow'/>
<use f='glibc_src_2.26/libio/wfileops.c' l='229' macro='1' c='_IO_wfile_underflow'/>
<use f='glibc_src_2.26/libio/wfileops.c' l='229' macro='1' c='_IO_wfile_underflow'/>
<use f='glibc_src_2.26/libio/wfileops.c' l='229' macro='1' c='_IO_wfile_underflow'/>
<use f='glibc_src_2.26/sysdeps/pthread/flockfile.c' l='29' macro='1' c='__flockfile'/>
<use f='glibc_src_2.26/sysdeps/pthread/flockfile.c' l='29' macro='1' c='__flockfile'/>
<use f='glibc_src_2.26/sysdeps/pthread/flockfile.c' l='29' macro='1' c='__flockfile'/>
<use f='glibc_src_2.26/sysdeps/pthread/flockfile.c' l='29' macro='1' c='__flockfile'/>
<use f='glibc_src_2.26/sysdeps/pthread/ftrylockfile.c' l='28' macro='1' c='__ftrylockfile'/>
<use f='glibc_src_2.26/sysdeps/pthread/ftrylockfile.c' l='28' macro='1' c='__ftrylockfile'/>
<use f='glibc_src_2.26/sysdeps/pthread/funlockfile.c' l='28' macro='1' c='__funlockfile'/>
<use f='glibc_src_2.26/sysdeps/pthread/funlockfile.c' l='28' macro='1' c='__funlockfile'/>
<use f='glibc_src_2.26/sysdeps/pthread/funlockfile.c' l='28' macro='1' c='__funlockfile'/>
<use f='glibc_src_2.26/sysdeps/pthread/funlockfile.c' l='28' macro='1' c='__funlockfile'/>
<use f='glibc_src_2.26/pwd/fgetpwent_r.c' l='77' macro='1' c='__fgetpwent_r'/>
<use f='glibc_src_2.26/pwd/fgetpwent_r.c' l='77' macro='1' c='__fgetpwent_r'/>
<use f='glibc_src_2.26/pwd/fgetpwent_r.c' l='77' macro='1' c='__fgetpwent_r'/>
<use f='glibc_src_2.26/pwd/fgetpwent_r.c' l='77' macro='1' c='__fgetpwent_r'/>
<use f='glibc_src_2.26/pwd/fgetpwent_r.c' l='84' macro='1' c='__fgetpwent_r'/>
<use f='glibc_src_2.26/pwd/fgetpwent_r.c' l='84' macro='1' c='__fgetpwent_r'/>
<use f='glibc_src_2.26/pwd/fgetpwent_r.c' l='84' macro='1' c='__fgetpwent_r'/>
<use f='glibc_src_2.26/pwd/fgetpwent_r.c' l='84' macro='1' c='__fgetpwent_r'/>
<use f='glibc_src_2.26/pwd/fgetpwent_r.c' l='91' macro='1' c='__fgetpwent_r'/>
<use f='glibc_src_2.26/pwd/fgetpwent_r.c' l='91' macro='1' c='__fgetpwent_r'/>
<use f='glibc_src_2.26/pwd/fgetpwent_r.c' l='91' macro='1' c='__fgetpwent_r'/>
<use f='glibc_src_2.26/pwd/fgetpwent_r.c' l='91' macro='1' c='__fgetpwent_r'/>
<use f='glibc_src_2.26/pwd/fgetpwent_r.c' l='105' macro='1' c='__fgetpwent_r'/>
<use f='glibc_src_2.26/pwd/fgetpwent_r.c' l='105' macro='1' c='__fgetpwent_r'/>
<use f='glibc_src_2.26/pwd/fgetpwent_r.c' l='105' macro='1' c='__fgetpwent_r'/>
<use f='glibc_src_2.26/pwd/fgetpwent_r.c' l='105' macro='1' c='__fgetpwent_r'/>
<use f='glibc_src_2.26/shadow/fgetspent_r.c' l='44' macro='1' c='__fgetspent_r'/>
<use f='glibc_src_2.26/shadow/fgetspent_r.c' l='44' macro='1' c='__fgetspent_r'/>
<use f='glibc_src_2.26/shadow/fgetspent_r.c' l='44' macro='1' c='__fgetspent_r'/>
<use f='glibc_src_2.26/shadow/fgetspent_r.c' l='44' macro='1' c='__fgetspent_r'/>
<use f='glibc_src_2.26/shadow/fgetspent_r.c' l='51' macro='1' c='__fgetspent_r'/>
<use f='glibc_src_2.26/shadow/fgetspent_r.c' l='51' macro='1' c='__fgetspent_r'/>
<use f='glibc_src_2.26/shadow/fgetspent_r.c' l='51' macro='1' c='__fgetspent_r'/>
<use f='glibc_src_2.26/shadow/fgetspent_r.c' l='51' macro='1' c='__fgetspent_r'/>
<use f='glibc_src_2.26/shadow/fgetspent_r.c' l='58' macro='1' c='__fgetspent_r'/>
<use f='glibc_src_2.26/shadow/fgetspent_r.c' l='58' macro='1' c='__fgetspent_r'/>
<use f='glibc_src_2.26/shadow/fgetspent_r.c' l='58' macro='1' c='__fgetspent_r'/>
<use f='glibc_src_2.26/shadow/fgetspent_r.c' l='58' macro='1' c='__fgetspent_r'/>
<use f='glibc_src_2.26/shadow/fgetspent_r.c' l='72' macro='1' c='__fgetspent_r'/>
<use f='glibc_src_2.26/shadow/fgetspent_r.c' l='72' macro='1' c='__fgetspent_r'/>
<use f='glibc_src_2.26/shadow/fgetspent_r.c' l='72' macro='1' c='__fgetspent_r'/>
<use f='glibc_src_2.26/shadow/fgetspent_r.c' l='72' macro='1' c='__fgetspent_r'/>
<use f='glibc_src_2.26/shadow/putspent.c' l='43' macro='1' c='putspent'/>
<use f='glibc_src_2.26/shadow/putspent.c' l='43' macro='1' c='putspent'/>
<use f='glibc_src_2.26/shadow/putspent.c' l='43' macro='1' c='putspent'/>
<use f='glibc_src_2.26/shadow/putspent.c' l='43' macro='1' c='putspent'/>
<use f='glibc_src_2.26/shadow/putspent.c' l='91' macro='1' c='putspent'/>
<use f='glibc_src_2.26/shadow/putspent.c' l='91' macro='1' c='putspent'/>
<use f='glibc_src_2.26/shadow/putspent.c' l='91' macro='1' c='putspent'/>
<use f='glibc_src_2.26/shadow/putspent.c' l='91' macro='1' c='putspent'/>
<use f='glibc_src_2.26/stdio-common/fxprintf.c' l='72' macro='1' c='__fxprintf'/>
<use f='glibc_src_2.26/stdio-common/fxprintf.c' l='72' macro='1' c='__fxprintf'/>
<use f='glibc_src_2.26/stdio-common/fxprintf.c' l='72' macro='1' c='__fxprintf'/>
<use f='glibc_src_2.26/stdio-common/fxprintf.c' l='72' macro='1' c='__fxprintf'/>
<use f='glibc_src_2.26/stdio-common/fxprintf.c' l='76' macro='1' c='__fxprintf'/>
<use f='glibc_src_2.26/stdio-common/fxprintf.c' l='76' macro='1' c='__fxprintf'/>
<use f='glibc_src_2.26/stdio-common/fxprintf.c' l='76' macro='1' c='__fxprintf'/>
<use f='glibc_src_2.26/stdio-common/fxprintf.c' l='76' macro='1' c='__fxprintf'/>
<use f='glibc_src_2.26/stdio-common/fxprintf.c' l='89' macro='1' c='__fxprintf_nocancel'/>
<use f='glibc_src_2.26/stdio-common/fxprintf.c' l='89' macro='1' c='__fxprintf_nocancel'/>
<use f='glibc_src_2.26/stdio-common/fxprintf.c' l='89' macro='1' c='__fxprintf_nocancel'/>
<use f='glibc_src_2.26/stdio-common/fxprintf.c' l='89' macro='1' c='__fxprintf_nocancel'/>
<use f='glibc_src_2.26/stdio-common/fxprintf.c' l='96' macro='1' c='__fxprintf_nocancel'/>
<use f='glibc_src_2.26/stdio-common/fxprintf.c' l='96' macro='1' c='__fxprintf_nocancel'/>
<use f='glibc_src_2.26/stdio-common/fxprintf.c' l='96' macro='1' c='__fxprintf_nocancel'/>
<use f='glibc_src_2.26/stdio-common/fxprintf.c' l='96' macro='1' c='__fxprintf_nocancel'/>
<use f='glibc_src_2.26/stdio-common/isoc99_fscanf.c' l='30' macro='1' c='__isoc99_fscanf'/>
<use f='glibc_src_2.26/stdio-common/isoc99_fscanf.c' l='30' macro='1' c='__isoc99_fscanf'/>
<use f='glibc_src_2.26/stdio-common/isoc99_fscanf.c' l='30' macro='1' c='__isoc99_fscanf'/>
<use f='glibc_src_2.26/stdio-common/isoc99_fscanf.c' l='30' macro='1' c='__isoc99_fscanf'/>
<use f='glibc_src_2.26/stdio-common/isoc99_scanf.c' l='32' macro='1' c='__isoc99_scanf'/>
<use f='glibc_src_2.26/stdio-common/isoc99_scanf.c' l='32' macro='1' c='__isoc99_scanf'/>
<use f='glibc_src_2.26/stdio-common/isoc99_scanf.c' l='32' macro='1' c='__isoc99_scanf'/>
<use f='glibc_src_2.26/stdio-common/isoc99_scanf.c' l='32' macro='1' c='__isoc99_scanf'/>
<use f='glibc_src_2.26/stdio-common/isoc99_vfscanf.c' l='28' macro='1' c='__isoc99_vfscanf'/>
<use f='glibc_src_2.26/stdio-common/isoc99_vfscanf.c' l='28' macro='1' c='__isoc99_vfscanf'/>
<use f='glibc_src_2.26/stdio-common/isoc99_vfscanf.c' l='28' macro='1' c='__isoc99_vfscanf'/>
<use f='glibc_src_2.26/stdio-common/isoc99_vfscanf.c' l='28' macro='1' c='__isoc99_vfscanf'/>
<use f='glibc_src_2.26/stdio-common/isoc99_vscanf.c' l='28' macro='1' c='__isoc99_vscanf'/>
<use f='glibc_src_2.26/stdio-common/isoc99_vscanf.c' l='28' macro='1' c='__isoc99_vscanf'/>
<use f='glibc_src_2.26/stdio-common/isoc99_vscanf.c' l='28' macro='1' c='__isoc99_vscanf'/>
<use f='glibc_src_2.26/stdio-common/isoc99_vscanf.c' l='28' macro='1' c='__isoc99_vscanf'/>
<use f='glibc_src_2.26/stdio-common/vfprintf.c' l='1325' macro='1' c='_IO_vfprintf_internal'/>
<use f='glibc_src_2.26/stdio-common/vfprintf.c' l='1325' macro='1' c='_IO_vfprintf_internal'/>
<use f='glibc_src_2.26/stdio-common/vfprintf.c' l='1325' macro='1' c='_IO_vfprintf_internal'/>
<use f='glibc_src_2.26/stdio-common/vfprintf.c' l='1325' macro='1' c='_IO_vfprintf_internal'/>
<use f='glibc_src_2.26/stdio-common/vfprintf.c' l='1696' macro='1' c='_IO_vfprintf_internal'/>
<use f='glibc_src_2.26/stdio-common/vfprintf.c' l='1696' macro='1' c='_IO_vfprintf_internal'/>
<use f='glibc_src_2.26/stdio-common/vfprintf.c' l='1696' macro='1' c='_IO_vfprintf_internal'/>
<use f='glibc_src_2.26/stdio-common/vfprintf.c' l='1696' macro='1' c='_IO_vfprintf_internal'/>
<use f='glibc_src_2.26/stdio-common/vfprintf.c' l='2337' macro='1' c='buffered_vfprintf'/>
<use f='glibc_src_2.26/stdio-common/vfprintf.c' l='2337' macro='1' c='buffered_vfprintf'/>
<use f='glibc_src_2.26/stdio-common/vfprintf.c' l='2337' macro='1' c='buffered_vfprintf'/>
<use f='glibc_src_2.26/stdio-common/vfprintf.c' l='2337' macro='1' c='buffered_vfprintf'/>
<use f='glibc_src_2.26/stdio-common/vfprintf.c' l='2357' macro='1' c='buffered_vfprintf'/>
<use f='glibc_src_2.26/stdio-common/vfprintf.c' l='2357' macro='1' c='buffered_vfprintf'/>
<use f='glibc_src_2.26/stdio-common/vfprintf.c' l='2357' macro='1' c='buffered_vfprintf'/>
<use f='glibc_src_2.26/stdio-common/vfprintf.c' l='2357' macro='1' c='buffered_vfprintf'/>
<use f='glibc_src_2.26/stdio-common/vfscanf.c' l='376' macro='1' c='_IO_vfscanf_internal'/>
<use f='glibc_src_2.26/stdio-common/vfscanf.c' l='376' macro='1' c='_IO_vfscanf_internal'/>
<use f='glibc_src_2.26/stdio-common/vfscanf.c' l='376' macro='1' c='_IO_vfscanf_internal'/>
<use f='glibc_src_2.26/stdio-common/vfscanf.c' l='376' macro='1' c='_IO_vfscanf_internal'/>
<use f='glibc_src_2.26/stdio-common/vfscanf.c' l='3021' macro='1' c='_IO_vfscanf_internal'/>
<use f='glibc_src_2.26/stdio-common/vfscanf.c' l='3021' macro='1' c='_IO_vfscanf_internal'/>
<use f='glibc_src_2.26/stdio-common/vfscanf.c' l='3021' macro='1' c='_IO_vfscanf_internal'/>
<use f='glibc_src_2.26/stdio-common/vfscanf.c' l='3021' macro='1' c='_IO_vfscanf_internal'/>
<use f='glibc_src_2.26/stdlib/abort.c' l='57' macro='1' c='__GI_abort'/>
<use f='glibc_src_2.26/stdlib/abort.c' l='57' macro='1' c='__GI_abort'/>
<use f='glibc_src_2.26/stdlib/abort.c' l='57' macro='1' c='__GI_abort'/>
<use f='glibc_src_2.26/stdlib/abort.c' l='57' macro='1' c='__GI_abort'/>
<use f='glibc_src_2.26/stdlib/abort.c' l='88' macro='1' c='__GI_abort'/>
<use f='glibc_src_2.26/stdlib/abort.c' l='88' macro='1' c='__GI_abort'/>
<use f='glibc_src_2.26/stdlib/abort.c' l='88' macro='1' c='__GI_abort'/>
<use f='glibc_src_2.26/stdlib/abort.c' l='88' macro='1' c='__GI_abort'/>
<use f='glibc_src_2.26/stdlib/abort.c' l='92' macro='1' c='__GI_abort'/>
<use f='glibc_src_2.26/stdlib/abort.c' l='92' macro='1' c='__GI_abort'/>
<use f='glibc_src_2.26/stdlib/abort.c' l='92' macro='1' c='__GI_abort'/>
<use f='glibc_src_2.26/stdlib/abort.c' l='92' macro='1' c='__GI_abort'/>
<use f='glibc_src_2.26/wcsmbs/isoc99_fwscanf.c' l='31' macro='1' c='__isoc99_fwscanf'/>
<use f='glibc_src_2.26/wcsmbs/isoc99_fwscanf.c' l='31' macro='1' c='__isoc99_fwscanf'/>
<use f='glibc_src_2.26/wcsmbs/isoc99_fwscanf.c' l='31' macro='1' c='__isoc99_fwscanf'/>
<use f='glibc_src_2.26/wcsmbs/isoc99_fwscanf.c' l='31' macro='1' c='__isoc99_fwscanf'/>
<use f='glibc_src_2.26/wcsmbs/isoc99_vfwscanf.c' l='29' macro='1' c='__isoc99_vfwscanf'/>
<use f='glibc_src_2.26/wcsmbs/isoc99_vfwscanf.c' l='29' macro='1' c='__isoc99_vfwscanf'/>
<use f='glibc_src_2.26/wcsmbs/isoc99_vfwscanf.c' l='29' macro='1' c='__isoc99_vfwscanf'/>
<use f='glibc_src_2.26/wcsmbs/isoc99_vfwscanf.c' l='29' macro='1' c='__isoc99_vfwscanf'/>
<use f='glibc_src_2.26/wcsmbs/isoc99_vwscanf.c' l='29' macro='1' c='__isoc99_vwscanf'/>
<use f='glibc_src_2.26/wcsmbs/isoc99_vwscanf.c' l='29' macro='1' c='__isoc99_vwscanf'/>
<use f='glibc_src_2.26/wcsmbs/isoc99_vwscanf.c' l='29' macro='1' c='__isoc99_vwscanf'/>
<use f='glibc_src_2.26/wcsmbs/isoc99_vwscanf.c' l='29' macro='1' c='__isoc99_vwscanf'/>
<use f='glibc_src_2.26/wcsmbs/isoc99_wscanf.c' l='32' macro='1' c='__isoc99_wscanf'/>
<use f='glibc_src_2.26/wcsmbs/isoc99_wscanf.c' l='32' macro='1' c='__isoc99_wscanf'/>
<use f='glibc_src_2.26/wcsmbs/isoc99_wscanf.c' l='32' macro='1' c='__isoc99_wscanf'/>
<use f='glibc_src_2.26/wcsmbs/isoc99_wscanf.c' l='32' macro='1' c='__isoc99_wscanf'/>
