<dec f='glibc_src_2.23/sysdeps/posix/dirstream.h' l='34' type='__libc_lock_t'/>
<offset>32</offset>
<use f='glibc_src_2.23/sysdeps/posix/rewinddir.c' l='29' c='__rewinddir'/>
<use f='glibc_src_2.23/sysdeps/posix/rewinddir.c' l='29' c='__rewinddir'/>
<use f='glibc_src_2.23/sysdeps/posix/rewinddir.c' l='29' c='__rewinddir'/>
<use f='glibc_src_2.23/sysdeps/posix/rewinddir.c' l='29' c='__rewinddir'/>
<use f='glibc_src_2.23/sysdeps/posix/rewinddir.c' l='37' c='__rewinddir'/>
<use f='glibc_src_2.23/sysdeps/posix/rewinddir.c' l='37' c='__rewinddir'/>
<use f='glibc_src_2.23/sysdeps/posix/rewinddir.c' l='37' c='__rewinddir'/>
<use f='glibc_src_2.23/sysdeps/posix/rewinddir.c' l='37' c='__rewinddir'/>
<use f='glibc_src_2.23/sysdeps/posix/seekdir.c' l='29' c='seekdir'/>
<use f='glibc_src_2.23/sysdeps/posix/seekdir.c' l='29' c='seekdir'/>
<use f='glibc_src_2.23/sysdeps/posix/seekdir.c' l='29' c='seekdir'/>
<use f='glibc_src_2.23/sysdeps/posix/seekdir.c' l='29' c='seekdir'/>
<use f='glibc_src_2.23/sysdeps/posix/seekdir.c' l='34' c='seekdir'/>
<use f='glibc_src_2.23/sysdeps/posix/seekdir.c' l='34' c='seekdir'/>
<use f='glibc_src_2.23/sysdeps/posix/seekdir.c' l='34' c='seekdir'/>
<use f='glibc_src_2.23/sysdeps/posix/seekdir.c' l='34' c='seekdir'/>
<use f='glibc_src_2.23/sysdeps/posix/readdir.c' l='44' c='__readdir'/>
<use f='glibc_src_2.23/sysdeps/posix/readdir.c' l='44' c='__readdir'/>
<use f='glibc_src_2.23/sysdeps/posix/readdir.c' l='44' c='__readdir'/>
<use f='glibc_src_2.23/sysdeps/posix/readdir.c' l='44' c='__readdir'/>
<use f='glibc_src_2.23/sysdeps/posix/readdir.c' l='114' c='__readdir'/>
<use f='glibc_src_2.23/sysdeps/posix/readdir.c' l='114' c='__readdir'/>
<use f='glibc_src_2.23/sysdeps/posix/readdir.c' l='114' c='__readdir'/>
<use f='glibc_src_2.23/sysdeps/posix/readdir.c' l='114' c='__readdir'/>
<use f='glibc_src_2.23/sysdeps/posix/readdir_r.c' l='45' c='__readdir_r'/>
<use f='glibc_src_2.23/sysdeps/posix/readdir_r.c' l='45' c='__readdir_r'/>
<use f='glibc_src_2.23/sysdeps/posix/readdir_r.c' l='45' c='__readdir_r'/>
<use f='glibc_src_2.23/sysdeps/posix/readdir_r.c' l='45' c='__readdir_r'/>
<use f='glibc_src_2.23/sysdeps/posix/readdir_r.c' l='147' c='__readdir_r'/>
<use f='glibc_src_2.23/sysdeps/posix/readdir_r.c' l='147' c='__readdir_r'/>
<use f='glibc_src_2.23/sysdeps/posix/readdir_r.c' l='147' c='__readdir_r'/>
<use f='glibc_src_2.23/sysdeps/posix/readdir_r.c' l='147' c='__readdir_r'/>
