<dec f='glibc_src_2.23/nscd/nscd.h' l='129' type='pthread_rwlock_t'/>
<use f='glibc_src_2.23/nscd/aicache.c' l='556' u='a' c='addhstaiX'/>
<offset>0</offset>
<use f='glibc_src_2.23/nscd/cache.c' l='449' u='a' c='prune_cache'/>
<use f='glibc_src_2.23/nscd/cache.c' l='452' u='a' c='prune_cache'/>
<use f='glibc_src_2.23/nscd/cache.c' l='496' u='a' c='prune_cache'/>
<use f='glibc_src_2.23/nscd/connections.c' l='113' u='w'/>
<use f='glibc_src_2.23/nscd/connections.c' l='132' u='w'/>
<use f='glibc_src_2.23/nscd/connections.c' l='151' u='w'/>
<use f='glibc_src_2.23/nscd/connections.c' l='170' u='w'/>
<use f='glibc_src_2.23/nscd/connections.c' l='189' u='w'/>
<use f='glibc_src_2.23/nscd/connections.c' l='113' u='w'/>
<use f='glibc_src_2.23/nscd/connections.c' l='132' u='w'/>
<use f='glibc_src_2.23/nscd/connections.c' l='151' u='w'/>
<use f='glibc_src_2.23/nscd/connections.c' l='170' u='w'/>
<use f='glibc_src_2.23/nscd/connections.c' l='189' u='w'/>
<use f='glibc_src_2.23/nscd/connections.c' l='525' u='a' c='nscd_init'/>
<use f='glibc_src_2.23/nscd/connections.c' l='1175' u='a' c='handle_request'/>
<use f='glibc_src_2.23/nscd/connections.c' l='1178' u='a' c='handle_request'/>
<use f='glibc_src_2.23/nscd/connections.c' l='1224' u='a' c='handle_request'/>
<use f='glibc_src_2.23/nscd/connections.c' l='1229' u='a' c='handle_request'/>
<use f='glibc_src_2.23/nscd/grpcache.c' l='155' u='a' c='cache_addgr'/>
<use f='glibc_src_2.23/nscd/grpcache.c' l='398' u='a' c='cache_addgr'/>
<use f='glibc_src_2.23/nscd/hstcache.c' l='180' u='a' c='cache_addhst'/>
<use f='glibc_src_2.23/nscd/hstcache.c' l='425' u='a' c='cache_addhst'/>
<use f='glibc_src_2.23/nscd/initgrcache.c' l='241' u='a' c='addinitgroupsX'/>
<use f='glibc_src_2.23/nscd/initgrcache.c' l='402' u='a' c='addinitgroupsX'/>
<use f='glibc_src_2.23/nscd/mem.c' l='111' u='a' c='gc'/>
<use f='glibc_src_2.23/nscd/mem.c' l='499' u='a' c='gc'/>
<use f='glibc_src_2.23/nscd/mem.c' l='519' u='a' c='mempool_alloc'/>
<use f='glibc_src_2.23/nscd/mem.c' l='564' u='a' c='mempool_alloc'/>
<use f='glibc_src_2.23/nscd/netgroupcache.c' l='460' u='a' c='addgetnetgrentX'/>
<use f='glibc_src_2.23/nscd/netgroupcache.c' l='643' u='a' c='addinnetgrX'/>
<use f='glibc_src_2.23/nscd/pwdcache.c' l='162' u='a' c='cache_addpw'/>
<use f='glibc_src_2.23/nscd/pwdcache.c' l='376' u='a' c='cache_addpw'/>
<use f='glibc_src_2.23/nscd/servicescache.c' l='147' u='a' c='cache_addserv'/>
<use f='glibc_src_2.23/nscd/servicescache.c' l='331' u='a' c='cache_addserv'/>
