<dec f='glibc_src_2.23/posix/regex_internal.h' l='654' type='__libc_lock_t'/>
<use f='glibc_src_2.23/posix/regcomp.c' l='769' u='w' c='re_compile_internal'/>
<use f='glibc_src_2.23/posix/regexec.c' l='243' c='__regexec'/>
<use f='glibc_src_2.23/posix/regexec.c' l='243' c='__regexec'/>
<use f='glibc_src_2.23/posix/regexec.c' l='243' c='__regexec'/>
<use f='glibc_src_2.23/posix/regexec.c' l='243' c='__regexec'/>
<use f='glibc_src_2.23/posix/regexec.c' l='250' c='__regexec'/>
<use f='glibc_src_2.23/posix/regexec.c' l='250' c='__regexec'/>
<use f='glibc_src_2.23/posix/regexec.c' l='250' c='__regexec'/>
<use f='glibc_src_2.23/posix/regexec.c' l='250' c='__regexec'/>
<use f='glibc_src_2.23/posix/regexec.c' l='413' c='re_search_stub'/>
<use f='glibc_src_2.23/posix/regexec.c' l='413' c='re_search_stub'/>
<use f='glibc_src_2.23/posix/regexec.c' l='413' c='re_search_stub'/>
<use f='glibc_src_2.23/posix/regexec.c' l='413' c='re_search_stub'/>
<use f='glibc_src_2.23/posix/regexec.c' l='477' c='re_search_stub'/>
<use f='glibc_src_2.23/posix/regexec.c' l='477' c='re_search_stub'/>
<use f='glibc_src_2.23/posix/regexec.c' l='477' c='re_search_stub'/>
<use f='glibc_src_2.23/posix/regexec.c' l='477' c='re_search_stub'/>
<offset>1728</offset>
